{
  "name": "blog-view-counter",
  "lockfileVersion": 3,
  "requires": true,
  "packages": {
    "": {
      "name": "blog-view-counter",
      "devDependencies": {
        "@cloudflare/workers-types": "^5.20260801.1"
      }
    },
    "node_modules/@cloudflare/workers-types": {
      "version": "5.20260801.1",
      "resolved": "https://registry.npmjs.org/@cloudflare/workers-types/-/workers-types-5.20260801.1.tgz",
      "integrity": "sha512-XCv5xWi47WQOK0LpLa6997Mrpz8Ct+nZmp/M5Xp8Z4BFsarf7nYjkznGOcOoYK5m1GfbMFEEuQ2OIZnbIWoe9A==",
      "dev": true,
      "license": "MIT OR Apache-2.0"
    }
  }
}
